// !$*UTF8*$!
{
	archiveVersion = 1;
	classes = {
	};
	objectVersion = 46;
	objects = {

/* Begin PBXBuildFile section */
		CFC112341F57BB2400115E0B /* main.m in Sources */ = {isa = PBXBuildFile; fileRef = CFC112331F57BB2400115E0B /* main.m */; };
		CFC112371F57BB2400115E0B /* AppDelegate.m in Sources */ = {isa = PBXBuildFile; fileRef = CFC112361F57BB2400115E0B /* AppDelegate.m */; };
		CFC1123A1F57BB2400115E0B /* ViewController.m in Sources */ = {isa = PBXBuildFile; fileRef = CFC112391F57BB2400115E0B /* ViewController.m */; };
		CFC1123D1F57BB2400115E0B /* Main.storyboard in Resources */ = {isa = PBXBuildFile; fileRef = CFC1123B1F57BB2400115E0B /* Main.storyboard */; };
		CFC112401F57BB2400115E0B /* CoreDataDemo.xcdatamodeld in Sources */ = {isa = PBXBuildFile; fileRef = CFC1123E1F57BB2400115E0B /* CoreDataDemo.xcdatamodeld */; };
		CFC112421F57BB2400115E0B /* Assets.xcassets in Resources */ = {isa = PBXBuildFile; fileRef = CFC112411F57BB2400115E0B /* Assets.xcassets */; };
		CFC112451F57BB2400115E0B /* LaunchScreen.storyboard in Resources */ = {isa = PBXBuildFile; fileRef = CFC112431F57BB2400115E0B /* LaunchScreen.storyboard */; };
		CFC1126D1F57D7D100115E0B /* V1.0_To_V1.2.xcmappingmodel in Sources */ = {isa = PBXBuildFile; fileRef = CFC1126C1F57D7D100115E0B /* V1.0_To_V1.2.xcmappingmodel */; };
		CFC112721F57D7EA00115E0B /* Clothes+CoreDataProperties.m in Sources */ = {isa = PBXBuildFile; fileRef = CFC1126F1F57D7EA00115E0B /* Clothes+CoreDataProperties.m */; };
		CFC112731F57D7EA00115E0B /* Clothes.m in Sources */ = {isa = PBXBuildFile; fileRef = CFC112711F57D7EA00115E0B /* Clothes.m */; };
/* End PBXBuildFile section */

/* Begin PBXFileReference section */
		CFC1122F1F57BB2400115E0B /* CoreDataDemo.app */ = {isa = PBXFileReference; explicitFileType = wrapper.application; includeInIndex = 0; path = CoreDataDemo.app; sourceTree = BUILT_PRODUCTS_DIR; };
		CFC112331F57BB2400115E0B /* main.m */ = {isa = PBXFileReference; lastKnownFileType = sourcecode.c.objc; path = main.m; sourceTree = "<group>"; };
		CFC112351F57BB2400115E0B /* AppDelegate.h */ = {isa = PBXFileReference; lastKnownFileType = sourcecode.c.h; path = AppDelegate.h; sourceTree = "<group>"; };
		CFC112361F57BB2400115E0B /* AppDelegate.m */ = {isa = PBXFileReference; lastKnownFileType = sourcecode.c.objc; path = AppDelegate.m; sourceTree = "<group>"; };
		CFC112381F57BB2400115E0B /* ViewController.h */ = {isa = PBXFileReference; lastKnownFileType = sourcecode.c.h; path = ViewController.h; sourceTree = "<group>"; };
		CFC112391F57BB2400115E0B /* ViewController.m */ = {isa = PBXFileReference; lastKnownFileType = sourcecode.c.objc; path = ViewController.m; sourceTree = "<group>"; };
		CFC1123C1F57BB2400115E0B /* Base */ = {isa = PBXFileReference; lastKnownFileType = file.storyboard; name = Base; path = Base.lproj/Main.storyboard; sourceTree = "<group>"; };
		CFC1123F1F57BB2400115E0B /* CoreDataDemo.xcdatamodel */ = {isa = PBXFileReference; lastKnownFileType = wrapper.xcdatamodel; path = CoreDataDemo.xcdatamodel; sourceTree = "<group>"; };
		CFC112411F57BB2400115E0B /* Assets.xcassets */ = {isa = PBXFileReference; lastKnownFileType = folder.assetcatalog; path = Assets.xcassets; sourceTree = "<group>"; };
		CFC112441F57BB2400115E0B /* Base */ = {isa = PBXFileReference; lastKnownFileType = file.storyboard; name = Base; path = Base.lproj/LaunchScreen.storyboard; sourceTree = "<group>"; };
		CFC112461F57BB2400115E0B /* Info.plist */ = {isa = PBXFileReference; lastKnownFileType = text.plist.xml; path = Info.plist; sourceTree = "<group>"; };
		CFC1124C1F57BC0700115E0B /* CoreDataDemo-Bridging-Header.h */ = {isa = PBXFileReference; lastKnownFileType = sourcecode.c.h; path = "CoreDataDemo-Bridging-Header.h"; sourceTree = "<group>"; };
		CFC1125D1F57D59900115E0B /* CoreDataDemo 2.xcdatamodel */ = {isa = PBXFileReference; lastKnownFileType = wrapper.xcdatamodel; path = "CoreDataDemo 2.xcdatamodel"; sourceTree = "<group>"; };
		CFC1126C1F57D7D100115E0B /* V1.0_To_V1.2.xcmappingmodel */ = {isa = PBXFileReference; lastKnownFileType = wrapper.xcmappingmodel; path = V1.0_To_V1.2.xcmappingmodel; sourceTree = "<group>"; };
		CFC1126E1F57D7EA00115E0B /* Clothes+CoreDataProperties.h */ = {isa = PBXFileReference; fileEncoding = 4; lastKnownFileType = sourcecode.c.h; path = "Clothes+CoreDataProperties.h"; sourceTree = "<group>"; };
		CFC1126F1F57D7EA00115E0B /* Clothes+CoreDataProperties.m */ = {isa = PBXFileReference; fileEncoding = 4; lastKnownFileType = sourcecode.c.objc; path = "Clothes+CoreDataProperties.m"; sourceTree = "<group>"; };
		CFC112701F57D7EA00115E0B /* Clothes.h */ = {isa = PBXFileReference; fileEncoding = 4; lastKnownFileType = sourcecode.c.h; path = Clothes.h; sourceTree = "<group>"; };
		CFC112711F57D7EA00115E0B /* Clothes.m */ = {isa = PBXFileReference; fileEncoding = 4; lastKnownFileType = sourcecode.c.objc; path = Clothes.m; sourceTree = "<group>"; };
/* End PBXFileReference section */

/* Begin PBXFrameworksBuildPhase section */
		CFC1122C1F57BB2400115E0B /* Frameworks */ = {
			isa = PBXFrameworksBuildPhase;
			buildActionMask = 2147483647;
			files = (
			);
			runOnlyForDeploymentPostprocessing = 0;
		};
/* End PBXFrameworksBuildPhase section */

/* Begin PBXGroup section */
		CFC112261F57BB2400115E0B = {
			isa = PBXGroup;
			children = (
				CFC112311F57BB2400115E0B /* CoreDataDemo */,
				CFC112301F57BB2400115E0B /* Products */,
				CFC1124C1F57BC0700115E0B /* CoreDataDemo-Bridging-Header.h */,
			);
			sourceTree = "<group>";
		};
		CFC112301F57BB2400115E0B /* Products */ = {
			isa = PBXGroup;
			children = (
				CFC1122F1F57BB2400115E0B /* CoreDataDemo.app */,
			);
			name = Products;
			sourceTree = "<group>";
		};
		CFC112311F57BB2400115E0B /* CoreDataDemo */ = {
			isa = PBXGroup;
			children = (
				CFC1126E1F57D7EA00115E0B /* Clothes+CoreDataProperties.h */,
				CFC1126F1F57D7EA00115E0B /* Clothes+CoreDataProperties.m */,
				CFC112701F57D7EA00115E0B /* Clothes.h */,
				CFC112711F57D7EA00115E0B /* Clothes.m */,
				CFC112351F57BB2400115E0B /* AppDelegate.h */,
				CFC112361F57BB2400115E0B /* AppDelegate.m */,
				CFC112381F57BB2400115E0B /* ViewController.h */,
				CFC112391F57BB2400115E0B /* ViewController.m */,
				CFC1123B1F57BB2400115E0B /* Main.storyboard */,
				CFC112411F57BB2400115E0B /* Assets.xcassets */,
				CFC112431F57BB2400115E0B /* LaunchScreen.storyboard */,
				CFC1126C1F57D7D100115E0B /* V1.0_To_V1.2.xcmappingmodel */,
				CFC112461F57BB2400115E0B /* Info.plist */,
				CFC1123E1F57BB2400115E0B /* CoreDataDemo.xcdatamodeld */,
				CFC112321F57BB2400115E0B /* Supporting Files */,
			);
			path = CoreDataDemo;
			sourceTree = "<group>";
		};
		CFC112321F57BB2400115E0B /* Supporting Files */ = {
			isa = PBXGroup;
			children = (
				CFC112331F57BB2400115E0B /* main.m */,
			);
			name = "Supporting Files";
			sourceTree = "<group>";
		};
/* End PBXGroup section */

/* Begin PBXNativeTarget section */
		CFC1122E1F57BB2400115E0B /* CoreDataDemo */ = {
			isa = PBXNativeTarget;
			buildConfigurationList = CFC112491F57BB2400115E0B /* Build configuration list for PBXNativeTarget "CoreDataDemo" */;
			buildPhases = (
				CFC1122B1F57BB2400115E0B /* Sources */,
				CFC1122C1F57BB2400115E0B /* Frameworks */,
				CFC1122D1F57BB2400115E0B /* Resources */,
			);
			buildRules = (
			);
			dependencies = (
			);
			name = CoreDataDemo;
			productName = CoreDataDemo;
			productReference = CFC1122F1F57BB2400115E0B /* CoreDataDemo.app */;
			productType = "com.apple.product-type.application";
		};
/* End PBXNativeTarget section */

/* Begin PBXProject section */
		CFC112271F57BB2400115E0B /* Project object */ = {
			isa = PBXProject;
			attributes = {
				LastUpgradeCheck = 0730;
				ORGANIZATIONNAME = "肖疆维";
				TargetAttributes = {
					CFC1122E1F57BB2400115E0B = {
						CreatedOnToolsVersion = 7.3.1;
					};
				};
			};
			buildConfigurationList = CFC1122A1F57BB2400115E0B /* Build configuration list for PBXProject "CoreDataDemo" */;
			compatibilityVersion = "Xcode 3.2";
			developmentRegion = English;
			hasScannedForEncodings = 0;
			knownRegions = (
				en,
				Base,
			);
			mainGroup = CFC112261F57BB2400115E0B;
			productRefGroup = CFC112301F57BB2400115E0B /* Products */;
			projectDirPath = "";
			projectRoot = "";
			targets = (
				CFC1122E1F57BB2400115E0B /* CoreDataDemo */,
			);
		};
/* End PBXProject section */

/* Begin PBXResourcesBuildPhase section */
		CFC1122D1F57BB2400115E0B /* Resources */ = {
			isa = PBXResourcesBuildPhase;
			buildActionMask = 2147483647;
			files = (
				CFC112451F57BB2400115E0B /* LaunchScreen.storyboard in Resources */,
				CFC112421F57BB2400115E0B /* Assets.xcassets in Resources */,
				CFC1123D1F57BB2400115E0B /* Main.storyboard in Resources */,
			);
			runOnlyForDeploymentPostprocessing = 0;
		};
/* End PBXResourcesBuildPhase section */

/* Begin PBXSourcesBuildPhase section */
		CFC1122B1F57BB2400115E0B /* Sources */ = {
			isa = PBXSourcesBuildPhase;
			buildActionMask = 2147483647;
			files = (
				CFC112721F57D7EA00115E0B /* Clothes+CoreDataProperties.m in Sources */,
				CFC1123A1F57BB2400115E0B /* ViewController.m in Sources */,
				CFC112401F57BB2400115E0B /* CoreDataDemo.xcdatamodeld in Sources */,
				CFC1126D1F57D7D100115E0B /* V1.0_To_V1.2.xcmappingmodel in Sources */,
				CFC112371F57BB2400115E0B /* AppDelegate.m in Sources */,
				CFC112341F57BB2400115E0B /* main.m in Sources */,
				CFC112731F57D7EA00115E0B /* Clothes.m in Sources */,
			);
			runOnlyForDeploymentPostprocessing = 0;
		};
/* End PBXSourcesBuildPhase section */

/* Begin PBXVariantGroup section */
		CFC1123B1F57BB2400115E0B /* Main.storyboard */ = {
			isa = PBXVariantGroup;
			children = (
				CFC1123C1F57BB2400115E0B /* Base */,
			);
			name = Main.storyboard;
			sourceTree = "<group>";
		};
		CFC112431F57BB2400115E0B /* LaunchScreen.storyboard */ = {
			isa = PBXVariantGroup;
			children = (
				CFC112441F57BB2400115E0B /* Base */,
			);
			name = LaunchScreen.storyboard;
			sourceTree = "<group>";
		};
/* End PBXVariantGroup section */

/* Begin XCBuildConfiguration section */
		CFC112471F57BB2400115E0B /* Debug */ = {
			isa = XCBuildConfiguration;
			buildSettings = {
				ALWAYS_SEARCH_USER_PATHS = NO;
				CLANG_ANALYZER_NONNULL = YES;
				CLANG_CXX_LANGUAGE_STANDARD = "gnu++0x";
				CLANG_CXX_LIBRARY = "libc++";
				CLANG_ENABLE_MODULES = YES;
				CLANG_ENABLE_OBJC_ARC = YES;
				CLANG_WARN_BOOL_CONVERSION = YES;
				CLANG_WARN_CONSTANT_CONVERSION = YES;
				CLANG_WARN_DIRECT_OBJC_ISA_USAGE = YES_ERROR;
				CLANG_WARN_EMPTY_BODY = YES;
				CLANG_WARN_ENUM_CONVERSION = YES;
				CLANG_WARN_INT_CONVERSION = YES;
				CLANG_WARN_OBJC_ROOT_CLASS = YES_ERROR;
				CLANG_WARN_UNREACHABLE_CODE = YES;
				CLANG_WARN__DUPLICATE_METHOD_MATCH = YES;
				"CODE_SIGN_IDENTITY[sdk=iphoneos*]" = "iPhone Developer";
				COPY_PHASE_STRIP = NO;
				DEBUG_INFORMATION_FORMAT = dwarf;
				ENABLE_STRICT_OBJC_MSGSEND = YES;
				ENABLE_TESTABILITY = YES;
				GCC_C_LANGUAGE_STANDARD = gnu99;
				GCC_DYNAMIC_NO_PIC = NO;
				GCC_NO_COMMON_BLOCKS = YES;
				GCC_OPTIMIZATION_LEVEL = 0;
				GCC_PREPROCESSOR_DEFINITIONS = (
					"DEBUG=1",
					"$(inherited)",
				);
				GCC_WARN_64_TO_32_BIT_CONVERSION = YES;
				GCC_WARN_ABOUT_RETURN_TYPE = YES_ERROR;
				GCC_WARN_UNDECLARED_SELECTOR = YES;
				GCC_WARN_UNINITIALIZED_AUTOS = YES_AGGRESSIVE;
				GCC_WARN_UNUSED_FUNCTION = YES;
				GCC_WARN_UNUSED_VARIABLE = YES;
				IPHONEOS_DEPLOYMENT_TARGET = 9.3;
				MTL_ENABLE_DEBUG_INFO = YES;
				ONLY_ACTIVE_ARCH = YES;
				SDKROOT = iphoneos;
			};
			name = Debug;
		};
		CFC112481F57BB2400115E0B /* Release */ = {
			isa = XCBuildConfiguration;
			buildSettings = {
				ALWAYS_SEARCH_USER_PATHS = NO;
				CLANG_ANALYZER_NONNULL = YES;
				CLANG_CXX_LANGUAGE_STANDARD = "gnu++0x";
				CLANG_CXX_LIBRARY = "libc++";
				CLANG_ENABLE_MODULES = YES;
				CLANG_ENABLE_OBJC_ARC = YES;
				CLANG_WARN_BOOL_CONVERSION = YES;
				CLANG_WARN_CONSTANT_CONVERSION = YES;
				CLANG_WARN_DIRECT_OBJC_ISA_USAGE = YES_ERROR;
				CLANG_WARN_EMPTY_BODY = YES;
				CLANG_WARN_ENUM_CONVERSION = YES;
				CLANG_WARN_INT_CONVERSION = YES;
				CLANG_WARN_OBJC_ROOT_CLASS = YES_ERROR;
				CLANG_WARN_UNREACHABLE_CODE = YES;
				CLANG_WARN__DUPLICATE_METHOD_MATCH = YES;
				"CODE_SIGN_IDENTITY[sdk=iphoneos*]" = "iPhone Developer";
				COPY_PHASE_STRIP = NO;
				DEBUG_INFORMATION_FORMAT = "dwarf-with-dsym";
				ENABLE_NS_ASSERTIONS = NO;
				ENABLE_STRICT_OBJC_MSGSEND = YES;
				GCC_C_LANGUAGE_STANDARD = gnu99;
				GCC_NO_COMMON_BLOCKS = YES;
				GCC_WARN_64_TO_32_BIT_CONVERSION = YES;
				GCC_WARN_ABOUT_RETURN_TYPE = YES_ERROR;
				GCC_WARN_UNDECLARED_SELECTOR = YES;
				GCC_WARN_UNINITIALIZED_AUTOS = YES_AGGRESSIVE;
				GCC_WARN_UNUSED_FUNCTION = YES;
				GCC_WARN_UNUSED_VARIABLE = YES;
				IPHONEOS_DEPLOYMENT_TARGET = 9.3;
				MTL_ENABLE_DEBUG_INFO = NO;
				SDKROOT = iphoneos;
				VALIDATE_PRODUCT = YES;
			};
			name = Release;
		};
		CFC1124A1F57BB2400115E0B /* Debug */ = {
			isa = XCBuildConfiguration;
			buildSettings = {
				ASSETCATALOG_COMPILER_APPICON_NAME = AppIcon;
				CLANG_ENABLE_MODULES = YES;
				INFOPLIST_FILE = CoreDataDemo/Info.plist;
				LD_RUNPATH_SEARCH_PATHS = "$(inherited) @executable_path/Frameworks";
				PRODUCT_BUNDLE_IDENTIFIER = "---.CoreDataDemo";
				PRODUCT_NAME = "$(TARGET_NAME)";
				SWIFT_OBJC_BRIDGING_HEADER = "CoreDataDemo-Bridging-Header.h";
				SWIFT_OPTIMIZATION_LEVEL = "-Onone";
			};
			name = Debug;
		};
		CFC1124B1F57BB2400115E0B /* Release */ = {
			isa = XCBuildConfiguration;
			buildSettings = {
				ASSETCATALOG_COMPILER_APPICON_NAME = AppIcon;
				CLANG_ENABLE_MODULES = YES;
				INFOPLIST_FILE = CoreDataDemo/Info.plist;
				LD_RUNPATH_SEARCH_PATHS = "$(inherited) @executable_path/Frameworks";
				PRODUCT_BUNDLE_IDENTIFIER = "---.CoreDataDemo";
				PRODUCT_NAME = "$(TARGET_NAME)";
				SWIFT_OBJC_BRIDGING_HEADER = "CoreDataDemo-Bridging-Header.h";
			};
			name = Release;
		};
/* End XCBuildConfiguration section */

/* Begin XCConfigurationList section */
		CFC1122A1F57BB2400115E0B /* Build configuration list for PBXProject "CoreDataDemo" */ = {
			isa = XCConfigurationList;
			buildConfigurations = (
				CFC112471F57BB2400115E0B /* Debug */,
				CFC112481F57BB2400115E0B /* Release */,
			);
			defaultConfigurationIsVisible = 0;
			defaultConfigurationName = Release;
		};
		CFC112491F57BB2400115E0B /* Build configuration list for PBXNativeTarget "CoreDataDemo" */ = {
			isa = XCConfigurationList;
			buildConfigurations = (
				CFC1124A1F57BB2400115E0B /* Debug */,
				CFC1124B1F57BB2400115E0B /* Release */,
			);
			defaultConfigurationIsVisible = 0;
		};
/* End XCConfigurationList section */

/* Begin XCVersionGroup section */
		CFC1123E1F57BB2400115E0B /* CoreDataDemo.xcdatamodeld */ = {
			isa = XCVersionGroup;
			children = (
				CFC1125D1F57D59900115E0B /* CoreDataDemo 2.xcdatamodel */,
				CFC1123F1F57BB2400115E0B /* CoreDataDemo.xcdatamodel */,
			);
			currentVersion = CFC1125D1F57D59900115E0B /* CoreDataDemo 2.xcdatamodel */;
			path = CoreDataDemo.xcdatamodeld;
			sourceTree = "<group>";
			versionGroupType = wrapper.xcdatamodel;
		};
/* End XCVersionGroup section */
	};
	rootObject = CFC112271F57BB2400115E0B /* Project object */;
}
